
Microsoft Visual Studio Solution File, Format Version 12.00
# Visual Studio Version 16
VisualStudioVersion = 16.0.31025.194
MinimumVisualStudioVersion = 10.0.40219.1
Project("{FAE04EC0-301F-11D3-BF4B-00C04F79EFBC}") = "ClassMetotDemo", "ClassMetotDemo\ClassMetotDemo.csproj", "{B2D0B875-69A8-42D3-81FF-BF0F696B715C}"
EndProject
Global
	GlobalSection(SolutionConfigurationPlatforms) = preSolution
		Debug|Any CPU = Debug|Any CPU
		Release|Any CPU = Release|Any CPU
	EndGlobalSection
	GlobalSection(ProjectConfigurationPlatforms) = postSolution
		{B2D0B875-69A8-42D3-81FF-BF0F696B715C}.Debug|Any CPU.ActiveCfg = Debug|Any CPU
		{B2D0B875-69A8-42D3-81FF-BF0F696B715C}.Debug|Any CPU.Build.0 = Debug|Any CPU
		{B2D0B875-69A8-42D3-81FF-BF0F696B715C}.Release|Any CPU.ActiveCfg = Release|Any CPU
		{B2D0B875-69A8-42D3-81FF-BF0F696B715C}.Release|Any CPU.Build.0 = Release|Any CPU
	EndGlobalSection
	GlobalSection(SolutionProperties) = preSolution
		HideSolutionNode = FALSE
	EndGlobalSection
	GlobalSection(ExtensibilityGlobals) = postSolution
		SolutionGuid = {8BACD2EB-66ED-483E-920E-7306D2BBB249}
	EndGlobalSection
EndGlobal
